
Microsoft Visual Studio Solution File, Format Version 12.00
# Visual Studio Version 17
VisualStudioVersion = 17.3.32825.248
MinimumVisualStudioVersion = 10.0.40219.1
Project("{FAE04EC0-301F-11D3-BF4B-00C04F79EFBC}") = "Bankomat", "Bankomat.csproj", "{5A827ABC-C115-48DB-BCB0-14019D64432D}"
EndProject
Global
	GlobalSection(SolutionConfigurationPlatforms) = preSolution
		Debug|Any CPU = Debug|Any CPU
		Release|Any CPU = Release|Any CPU
	EndGlobalSection
	GlobalSection(ProjectConfigurationPlatforms) = postSolution
		{5A827ABC-C115-48DB-BCB0-14019D64432D}.Debug|Any CPU.ActiveCfg = Debug|Any CPU
		{5A827ABC-C115-48DB-BCB0-14019D64432D}.Debug|Any CPU.Build.0 = Debug|Any CPU
		{5A827ABC-C115-48DB-BCB0-14019D64432D}.Release|Any CPU.ActiveCfg = Release|Any CPU
		{5A827ABC-C115-48DB-BCB0-14019D64432D}.Release|Any CPU.Build.0 = Release|Any CPU
	EndGlobalSection
	GlobalSection(SolutionProperties) = preSolution
		HideSolutionNode = FALSE
	EndGlobalSection
	GlobalSection(ExtensibilityGlobals) = postSolution
		SolutionGuid = {30AE37ED-F189-4904-8CC9-D74F7882B90B}
	EndGlobalSection
EndGlobal
